{
  "name": "kyber-encryption-main",
  "version": "1.0.0",
  "lockfileVersion": 3,
  "requires": true,
  "packages": {
    "": {
      "name": "kyber-encryption-main",
      "version": "1.0.0",
      "license": "ISC",
      "dependencies": {
        "pqcrypto": "^1.0.1"
      }
    },
    "node_modules/pqcrypto": {
      "version": "1.0.1",
      "resolved": "https://registry.npmjs.org/pqcrypto/-/pqcrypto-1.0.1.tgz",
      "integrity": "sha512-83SHdhiOYAaUK6HUKihoH36SqQ11ma+Q7o+DQUasV/IUZSrW8doQVPoTPrR0xU+tUyFnrJSC4aIp5rKnlELrqw==",
      "license": "MIT"
    }
  }
}
